
Microsoft Visual Studio Solution File, Format Version 12.00
# Visual Studio Version 16
VisualStudioVersion = 16.0.29215.179
MinimumVisualStudioVersion = 10.0.40219.1
Project("{FAE04EC0-301F-11D3-BF4B-00C04F79EFBC}") = "NFSE.WebService", "NFSE.WebService.csproj", "{F588A493-3634-4779-9C02-EBD5B3DC20DD}"
EndProject
Project("{FAE04EC0-301F-11D3-BF4B-00C04F79EFBC}") = "NFSE.EnvioTeste", "EnvioTeste\NFSE.EnvioTeste.csproj", "{0AB176B2-0245-426D-A037-4BA815090DE6}"
	ProjectSection(ProjectDependencies) = postProject
		{F588A493-3634-4779-9C02-EBD5B3DC20DD} = {F588A493-3634-4779-9C02-EBD5B3DC20DD}
	EndProjectSection
EndProject
Project("{FAE04EC0-301F-11D3-BF4B-00C04F79EFBC}") = "NFSE.Business", "Negocio\NFSE.Business.csproj", "{56A6F667-9178-4018-8A09-16C7690756AD}"
EndProject
Project("{FAE04EC0-301F-11D3-BF4B-00C04F79EFBC}") = "NFSE.Infra", "NFSE.Infra\NFSE.Infra.csproj", "{4DED3E67-6931-4148-A31B-82009A3E9743}"
EndProject
Project("{FAE04EC0-301F-11D3-BF4B-00C04F79EFBC}") = "NFSE.Domain", "NFSE.Domain\NFSE.Domain.csproj", "{6D4463EF-7A19-4BF4-8333-D2A17552ED26}"
EndProject
Project("{2150E333-8FDC-42A3-9474-1A3956D46DE8}") = "0 - TestApplication", "0 - TestApplication", "{F6674634-07CC-4732-B30C-490ECD5F6CE2}"
EndProject
Project("{2150E333-8FDC-42A3-9474-1A3956D46DE8}") = "1 - Domain", "1 - Domain", "{3A6C8EEA-D4DB-4B22-9746-153C4CB7A0C1}"
EndProject
Project("{2150E333-8FDC-42A3-9474-1A3956D46DE8}") = "2 - Infra", "2 - Infra", "{A2884287-41FC-41EB-8DEE-90DB931F5F6A}"
EndProject
Project("{2150E333-8FDC-42A3-9474-1A3956D46DE8}") = "3 - Business", "3 - Business", "{04CE1FAF-F67B-4EDD-9238-67B415831EFB}"
EndProject
Project("{2150E333-8FDC-42A3-9474-1A3956D46DE8}") = "4 - WebService", "4 - WebService", "{FB3BD8C7-272D-4786-8F07-23ABD9AFFE0D}"
EndProject
Global
	GlobalSection(SolutionConfigurationPlatforms) = preSolution
		Debug|Any CPU = Debug|Any CPU
		Release|Any CPU = Release|Any CPU
	EndGlobalSection
	GlobalSection(ProjectConfigurationPlatforms) = postSolution
		{F588A493-3634-4779-9C02-EBD5B3DC20DD}.Debug|Any CPU.ActiveCfg = Debug|Any CPU
		{F588A493-3634-4779-9C02-EBD5B3DC20DD}.Debug|Any CPU.Build.0 = Debug|Any CPU
		{F588A493-3634-4779-9C02-EBD5B3DC20DD}.Release|Any CPU.ActiveCfg = Release|Any CPU
		{F588A493-3634-4779-9C02-EBD5B3DC20DD}.Release|Any CPU.Build.0 = Release|Any CPU
		{0AB176B2-0245-426D-A037-4BA815090DE6}.Debug|Any CPU.ActiveCfg = Debug|Any CPU
		{0AB176B2-0245-426D-A037-4BA815090DE6}.Debug|Any CPU.Build.0 = Debug|Any CPU
		{0AB176B2-0245-426D-A037-4BA815090DE6}.Release|Any CPU.ActiveCfg = Release|Any CPU
		{0AB176B2-0245-426D-A037-4BA815090DE6}.Release|Any CPU.Build.0 = Release|Any CPU
		{56A6F667-9178-4018-8A09-16C7690756AD}.Debug|Any CPU.ActiveCfg = Debug|Any CPU
		{56A6F667-9178-4018-8A09-16C7690756AD}.Debug|Any CPU.Build.0 = Debug|Any CPU
		{56A6F667-9178-4018-8A09-16C7690756AD}.Release|Any CPU.ActiveCfg = Release|Any CPU
		{56A6F667-9178-4018-8A09-16C7690756AD}.Release|Any CPU.Build.0 = Release|Any CPU
		{4DED3E67-6931-4148-A31B-82009A3E9743}.Debug|Any CPU.ActiveCfg = Debug|Any CPU
		{4DED3E67-6931-4148-A31B-82009A3E9743}.Debug|Any CPU.Build.0 = Debug|Any CPU
		{4DED3E67-6931-4148-A31B-82009A3E9743}.Release|Any CPU.ActiveCfg = Release|Any CPU
		{4DED3E67-6931-4148-A31B-82009A3E9743}.Release|Any CPU.Build.0 = Release|Any CPU
		{6D4463EF-7A19-4BF4-8333-D2A17552ED26}.Debug|Any CPU.ActiveCfg = Debug|Any CPU
		{6D4463EF-7A19-4BF4-8333-D2A17552ED26}.Debug|Any CPU.Build.0 = Debug|Any CPU
		{6D4463EF-7A19-4BF4-8333-D2A17552ED26}.Release|Any CPU.ActiveCfg = Release|Any CPU
		{6D4463EF-7A19-4BF4-8333-D2A17552ED26}.Release|Any CPU.Build.0 = Release|Any CPU
	EndGlobalSection
	GlobalSection(SolutionProperties) = preSolution
		HideSolutionNode = FALSE
	EndGlobalSection
	GlobalSection(NestedProjects) = preSolution
		{F588A493-3634-4779-9C02-EBD5B3DC20DD} = {FB3BD8C7-272D-4786-8F07-23ABD9AFFE0D}
		{0AB176B2-0245-426D-A037-4BA815090DE6} = {F6674634-07CC-4732-B30C-490ECD5F6CE2}
		{56A6F667-9178-4018-8A09-16C7690756AD} = {04CE1FAF-F67B-4EDD-9238-67B415831EFB}
		{4DED3E67-6931-4148-A31B-82009A3E9743} = {A2884287-41FC-41EB-8DEE-90DB931F5F6A}
		{6D4463EF-7A19-4BF4-8333-D2A17552ED26} = {3A6C8EEA-D4DB-4B22-9746-153C4CB7A0C1}
	EndGlobalSection
	GlobalSection(ExtensibilityGlobals) = postSolution
		SolutionGuid = {E727F3AF-A8F0-4F80-BA22-7397378CB726}
	EndGlobalSection
EndGlobal
